# THIS IS AN AUTOGENERATED FILE. DO NOT EDIT THIS FILE DIRECTLY.
# yarn lockfile v1


"@electric-sql/pglite-socket@0.1.1":
  version "0.1.1"
  resolved "https://registry.yarnpkg.com/@electric-sql/pglite-socket/-/pglite-socket-0.1.1.tgz#af443da3a60130aee254faee4daf50fb79fb8d1f"
  integrity sha512-p2hoXw3Z3LQHwTeikdZNsFBOvXGqKY2hk51BBw+8NKND8eoH+8LFOtW9Z8CQKmTJ2qqGYu82ipqiyFZOTTXNfw==

"@electric-sql/pglite-tools@0.3.1":
  version "0.3.1"
  resolved "https://registry.yarnpkg.com/@electric-sql/pglite-tools/-/pglite-tools-0.3.1.tgz#b1b23dc45dcce22fb4d5a0505ba063923d09c105"
  integrity sha512-C+T3oivmy9bpQvSxVqXA1UDY8cB9Eb9vZHL9zxWwEUfDixbXv4G3r2LjoTdR33LD8aomR3O9ZXEO3XEwr/cUCA==

"@electric-sql/pglite@0.4.1":
  version "0.4.1"
  resolved "https://registry.yarnpkg.com/@electric-sql/pglite/-/pglite-0.4.1.tgz#a113476c3c20539756a8d77eb86d248d84a8d097"
  integrity sha512-mZ9NzzUSYPOCnxHH1oAHPRzoMFJHY472raDKwXl/+6oPbpdJ7g8LsCN4FSaIIfkiCKHhb3iF/Zqo3NYxaIhU7Q==

"@esbuild/aix-ppc64@0.28.1":
  version "0.28.1"
  resolved "https://registry.yarnpkg.com/@esbuild/aix-ppc64/-/aix-ppc64-0.28.1.tgz#7a01a8d2ec2fbb2dac78adad09b0fa781e4082be"
  integrity sha512-Svl7tq8k/08+p6CXPpRjQ1fKX+1odH/BQbb48fV6fj3CWHhsoIOoY87w1oHXm0qEpkIK3ZfVgp0hed3XBXzXMQ==

"@esbuild/android-arm64@0.28.1":
  version "0.28.1"
  resolved "https://registry.yarnpkg.com/@esbuild/android-arm64/-/android-arm64-0.28.1.tgz#b540a27d14e4afd058496a4dbec4d3f414db110a"
  integrity sha512-34EGEbCIAgosYz6goLcopX6Mo7NyGv9tfwEM2/7Ce2VcVRk568iSvniGWcUXIy7wEDR1wzolcxcriFVrWYcwBg==

"@esbuild/android-arm@0.28.1":
  version "0.28.1"
  resolved "https://registry.yarnpkg.com/@esbuild/android-arm/-/android-arm-0.28.1.tgz#704bd297de6d762de54eabbeafbf55f6756abe2f"
  integrity sha512-0k2F129Xdio1TdJfzJ8sy1Q47vUD2NnwdhiAf7drUN1EBTfPf4hsFCtmMgu/6m8JSzsBrlmVjudMBQqOfG8usQ==

"@esbuild/android-x64@0.28.1":
  version "0.28.1"
  resolved "https://registry.yarnpkg.com/@esbuild/android-x64/-/android-x64-0.28.1.tgz#d1cb166d34b0fbf0fe8ab460a5594f24a378701e"
  integrity sha512-dbwY7ltSMDWsRatcRpCnES4F+im88OCUgGZjy52shC7GqHRE/cYlxNbB4Z4UpJswpcc4Qxd2oE/ufM0p61IKng==

"@esbuild/darwin-arm64@0.28.1":
  version "0.28.1"
  resolved "https://registry.yarnpkg.com/@esbuild/darwin-arm64/-/darwin-arm64-0.28.1.tgz#1034b26457fc886368fe61bbd09f653f6afa8e54"
  integrity sha512-TZbWkQY7kvTAXbXUT7uVACR5cMHsDiSz9z7ZKAX/RTq/WJEk3QyRr0wZpNhBDX+/0CtdqUIJlOiodQcta6tY3Q==

"@esbuild/darwin-x64@0.28.1":
  version "0.28.1"
  resolved "https://registry.yarnpkg.com/@esbuild/darwin-x64/-/darwin-x64-0.28.1.tgz#65556a432a1e4d72032d8218c1932fcca1a49772"
  integrity sha512-zfdzgK9ACBNZLI/CyHTOx81SyNbM6YXn7rxSgX97VjyiPl9W1i4Ka4fgKECEoFCKGpvBj5qArWIGgQjOwkgskQ==

"@esbuild/freebsd-arm64@0.28.1":
  version "0.28.1"
  resolved "https://registry.yarnpkg.com/@esbuild/freebsd-arm64/-/freebsd-arm64-0.28.1.tgz#2e61e0592f9030d7e3dae18ee25ebc535918aef6"
  integrity sha512-wG2EA8ENdEI0qhkSZMjfqrdY+ziCYCPMmtZjjIwOmXFjmyzEHn+UUxk5of+SYsjtfs3VpnlC7QLzSI5hY/rOAw==

"@esbuild/freebsd-x64@0.28.1":
  version "0.28.1"
  resolved "https://registry.yarnpkg.com/@esbuild/freebsd-x64/-/freebsd-x64-0.28.1.tgz#c95ec289959ef8079c4dca817a1e2c4be66b9bd3"
  integrity sha512-i7dZ9vQgnvSCzi/rYCXNgtF/U+eKZNJBzu3eTQbRgHnM7tNSizLOkRFAl3qzVc/Op/u5YkHHa4pf/3DOYHthLQ==

"@esbuild/linux-arm64@0.28.1":
  version "0.28.1"
  resolved "https://registry.yarnpkg.com/@esbuild/linux-arm64/-/linux-arm64-0.28.1.tgz#40b22175dda06182f3ee8141186c5ff304c4a717"
  integrity sha512-yHs+0uc8+nvEAfAfxrWQKK5peSNzBc4PegcMO0EJ2hT71uA7vB8Ihg2e77R2P7SG5uYjPbHlLLmve4LLLRCf0g==

"@esbuild/linux-arm@0.28.1":
  version "0.28.1"
  resolved "https://registry.yarnpkg.com/@esbuild/linux-arm/-/linux-arm-0.28.1.tgz#c09a0f67917592ac0de892a9be4d3814debd2a6c"
  integrity sha512-qVXBOHQS+d5Y722GwJzJUtOLlX7km3CraOaGormF1pDtPd2C/l1SHRPgjLunLGe51Sh5YYWKMFDyV4SxgMQYTQ==

"@esbuild/linux-ia32@0.28.1":
  version "0.28.1"
  resolved "https://registry.yarnpkg.com/@esbuild/linux-ia32/-/linux-ia32-0.28.1.tgz#a580f9c676797833891e519fc7a1337c8afd8db3"
  integrity sha512-d1z4ZuP0ajrfz/FhGT4vv278rX8KnPPJx8i5+AtK7TYbx9Le9F1hyzurZpkEyjkGa9dUGhQow4C1NmeGvqxN2w==

"@esbuild/linux-loong64@0.28.1":
  version "0.28.1"
  resolved "https://registry.yarnpkg.com/@esbuild/linux-loong64/-/linux-loong64-0.28.1.tgz#46452cf321dc7f9e91c2fa780a56bb56e79cd68b"
  integrity sha512-M5sRjUVZrkm1OAPR3dlOYzNmN+loZKGVi1VUQGrwuqLcbR6qeAz+famMhjASeH3YVKvZz+zT1jlh/keC3Rj/lg==

"@esbuild/linux-mips64el@0.28.1":
  version "0.28.1"
  resolved "https://registry.yarnpkg.com/@esbuild/linux-mips64el/-/linux-mips64el-0.28.1.tgz#4211b3184dd6608f53dcb22e39f5d34ee08852c8"
  integrity sha512-mRObBZeHh2OxcBFPWE/FjylkRgZdYuiTR3vaTozquCGOH14iP9oN4x4Ge81CoIDYQrXmIxpFumJBu5MtZpnQJQ==

"@esbuild/linux-ppc64@0.28.1":
  version "0.28.1"
  resolved "https://registry.yarnpkg.com/@esbuild/linux-ppc64/-/linux-ppc64-0.28.1.tgz#697857c2a61cb9b0b6bb6652e40c1dc5e1ca8e5d"
  integrity sha512-slScBsMAb3GFDcdrCgLwZtPYRoH2H/youv10QiZyRjmsP48fznoveWytSgCI/R0ZcUgpc0ZhIUEx6LHts8yrfQ==

"@esbuild/linux-riscv64@0.28.1":
  version "0.28.1"
  resolved "https://registry.yarnpkg.com/@esbuild/linux-riscv64/-/linux-riscv64-0.28.1.tgz#d192943eb146a40ac4c6497d0cf7be35b986bf08"
  integrity sha512-kw0owk1o0GFETUJyW0jc0G4Yzs0BHZn0JDZ8JRT088vjJYX777BAs1fDGxAC+q831qOs2DTC96mNsG2opdfyyQ==

"@esbuild/linux-s390x@0.28.1":
  version "0.28.1"
  resolved "https://registry.yarnpkg.com/@esbuild/linux-s390x/-/linux-s390x-0.28.1.tgz#acea0356da0e0ebc08f97cf7b9c2e401e1e648dc"
  integrity sha512-/lAIjX8aYFRByhh6L5rYtPEDRqa9de/4V/juOXcta5frjvzXO4/sqEtyytse0g3zZFuWu5cDN0MkLz2qRDD2Ag==

"@esbuild/linux-x64@0.28.1":
  version "0.28.1"
  resolved "https://registry.yarnpkg.com/@esbuild/linux-x64/-/linux-x64-0.28.1.tgz#6f0c3ce0cb64c534b70c4c45ecb2c16d34e35dfd"
  integrity sha512-u/anNYF2mmVOEDwLtnQ1wOr3EZ9sTNGLWrsYGYwHWzGA3Si84IOkHXlbWTD1NB+9/1lcnweYKO54uhxZydNzfA==

"@esbuild/netbsd-arm64@0.28.1":
  version "0.28.1"
  resolved "https://registry.yarnpkg.com/@esbuild/netbsd-arm64/-/netbsd-arm64-0.28.1.tgz#8bcd77077a0dce3378b574fedb26d2a253b73d36"
  integrity sha512-oks0DYbLwWMmaakTsCb+zL4E+aHRVLom9IJZOAthMQEPiQmydXHkziYEsGYRx0uNV/IjEKGAV941JzH02pflqw==

"@esbuild/netbsd-x64@0.28.1":
  version "0.28.1"
  resolved "https://registry.yarnpkg.com/@esbuild/netbsd-x64/-/netbsd-x64-0.28.1.tgz#e7fb2a01e99c830c94e6623cd9fefb4c8fb58347"
  integrity sha512-aeL6lAnN89Hz43Mlh1G8ARasbuoYvSITDEx0tHh5b7jJnHcssqgjy9Yx430GDpmCa6OyrKoS0aNRjKundRizGg==

"@esbuild/openbsd-arm64@0.28.1":
  version "0.28.1"
  resolved "https://registry.yarnpkg.com/@esbuild/openbsd-arm64/-/openbsd-arm64-0.28.1.tgz#c52909372db8b86e2c55e05a8940033b5660a3b2"
  integrity sha512-MEFJe5C3R8pwXdZ5Y21oo6m7ePiS0d9pWucn99O/wvyJZChoIQKrQDxKrGeW8F5+T0okTHesAmDeiHDTIq0V/Q==

"@esbuild/openbsd-x64@0.28.1":
  version "0.28.1"
  resolved "https://registry.yarnpkg.com/@esbuild/openbsd-x64/-/openbsd-x64-0.28.1.tgz#c427b9be5a64c262ff9a7eb70b5fbbaadf446c6c"
  integrity sha512-i/ZLIOafE0Z8cI/XANJAixoJL/uRAoS2xOA3rb0xN+KK0K177cMAsQYkzHtBrtMXAKuAc7HGgcWiZ/sRC1Nxgw==

"@esbuild/openharmony-arm64@0.28.1":
  version "0.28.1"
  resolved "https://registry.yarnpkg.com/@esbuild/openharmony-arm64/-/openharmony-arm64-0.28.1.tgz#dc9b147baca2e6c4b3c85571741ef4860a489097"
  integrity sha512-ge+Z7EXFNt2BO1oAMsVpiQ8EwndV9i1xXerAeTIK7AtPs3bKFXQM7nlRxDSIUIMeueR1CNXxqztLzdNeReKBJg==

"@esbuild/sunos-x64@0.28.1":
  version "0.28.1"
  resolved "https://registry.yarnpkg.com/@esbuild/sunos-x64/-/sunos-x64-0.28.1.tgz#ce866d12df13c15e4c99f073a3d466f6e0649b3a"
  integrity sha512-BEjgtECkL3vY+SaSQ6nzVfiALUeFxpawyp8Jmf5PtYhf1Ug40N1h/hxlhts+f1FvSvarEigdxS3BlSMI2PJLcQ==

"@esbuild/win32-arm64@0.28.1":
  version "0.28.1"
  resolved "https://registry.yarnpkg.com/@esbuild/win32-arm64/-/win32-arm64-0.28.1.tgz#7468e3692d01d629d5941e5d83817bb80f9e39b4"
  integrity sha512-lCv9eK/H6ZJWbE7bh2nw54CZ9M2nupBxJcTsdk/QQnWkdSjKGuxmmH8/GWrlT1eMmZfn4dGcCjRte397WqfQXA==

"@esbuild/win32-ia32@0.28.1":
  version "0.28.1"
  resolved "https://registry.yarnpkg.com/@esbuild/win32-ia32/-/win32-ia32-0.28.1.tgz#a5bc0063fb2bcab6d0ed63f2a1537958bc269ec6"
  integrity sha512-zvb/mB2bSCoJOpoCBgYKKpX6YM6mJBlBUVUtVj41DlZJVEB6/0CKlRYxP5wWl1C1ILiCoAU5wZZ4q1P3qeS6Eg==

"@esbuild/win32-x64@0.28.1":
  version "0.28.1"
  resolved "https://registry.yarnpkg.com/@esbuild/win32-x64/-/win32-x64-0.28.1.tgz#10064ee44f4347b90c9a02b446bbf80a91632b12"
  integrity sha512-bm4Mowrv+GXMlpWX++EcXw/iLyd1o3+bJkC2DkWXYVvgZCqD/bSj9ctZeAMC3cIxgjRVR2Dufaiu4YPxr5gW1A==

"@hono/node-server@1.19.11":
  version "1.19.11"
  resolved "https://registry.yarnpkg.com/@hono/node-server/-/node-server-1.19.11.tgz#dc419f0826dd2504e9fc86ad289d5636a0444e2f"
  integrity sha512-dr8/3zEaB+p0D2n/IUrlPF1HZm586qgJNXK1a9fhg/PzdtkK7Ksd5l312tJX2yBuALqDYBlG20QEbayqPyxn+g==

"@kurkle/color@^0.3.0":
  version "0.3.4"
  resolved "https://registry.yarnpkg.com/@kurkle/color/-/color-0.3.4.tgz#4d4ff677e1609214fc71c580125ddddd86abcabf"
  integrity sha512-M5UknZPHRu3DEDWoipU6sE8PdkZ6Z/S+v4dD+Ke8IaNlpdSQah50lz1KtcFBa2vsdOnwbbnxJwVM4wty6udA5w==

"@prisma/client-runtime-utils@7.8.0":
  version "7.8.0"
  resolved "https://registry.yarnpkg.com/@prisma/client-runtime-utils/-/client-runtime-utils-7.8.0.tgz#202c0a2ac295e19677debd4a2d18dc35f9ccfb21"
  integrity sha512-5NQZztQ0oY/ADFkmd9gPuweH5A1/CCY8YQPorLLO0Mu6a87mY5gsnDkzmFmIHs9NFaLnZojzgddFVN4RpKYrdw==

"@prisma/client@^7.8.0":
  version "7.8.0"
  resolved "https://registry.yarnpkg.com/@prisma/client/-/client-7.8.0.tgz#dce2fb00238c733f6bedeb769547b01f69b86d42"
  integrity sha512-HFp3Dawv/3sU3JtlPha90IB+48lS7zHiH4LKZPjmcE8YH5P9DOXGPvo8dqOtO7MqLDd1p2hOWMcFlRT1DMblHw==
  dependencies:
    "@prisma/client-runtime-utils" "7.8.0"

"@prisma/config@7.8.0":
  version "7.8.0"
  resolved "https://registry.yarnpkg.com/@prisma/config/-/config-7.8.0.tgz#401f1f108f2e463e508ac20ca08979d4ee215c65"
  integrity sha512-HFESzd9rx2ZQxlK+TL7tu1HPvCqrHiL6LCxYykI2c34mvaUuIVVl3lYuicJD/MNnzgPnyeBEMlK4WTomJCV5jw==
  dependencies:
    c12 "3.3.4"
    deepmerge-ts "7.1.5"
    effect "3.20.0"
    empathic "2.0.0"

"@prisma/debug@7.2.0":
  version "7.2.0"
  resolved "https://registry.yarnpkg.com/@prisma/debug/-/debug-7.2.0.tgz#569b1cbc10eb3e8cae798b40075fd11d21f6b533"
  integrity sha512-YSGTiSlBAVJPzX4ONZmMotL+ozJwQjRmZweQNIq/ER0tQJKJynNkRB3kyvt37eOfsbMCXk3gnLF6J9OJ4QWftw==

"@prisma/debug@7.8.0":
  version "7.8.0"
  resolved "https://registry.yarnpkg.com/@prisma/debug/-/debug-7.8.0.tgz#8e2f70d284b3091c2d713aa093a0f5898487e431"
  integrity sha512-p+QZReysDUqXC+mk17q9a+Y/qzh4c2KYliDK30buYUyfrGeTGSyfmc0AIrJRhZJrLHhRiJa9Au/J72h3C+szvA==

"@prisma/dev@0.24.3":
  version "0.24.3"
  resolved "https://registry.yarnpkg.com/@prisma/dev/-/dev-0.24.3.tgz#a235c2cfca28134f904e6b964d7652a9dfbd60f4"
  integrity sha512-ffHlQuKXZiaDt9Go0OnCTdJZrHxK0k7omJKNV86/VjpsXu5EIHZLK0T7JSWgvNlJwh56kW9JFu9v0qJciFzepg==
  dependencies:
    "@electric-sql/pglite" "0.4.1"
    "@electric-sql/pglite-socket" "0.1.1"
    "@electric-sql/pglite-tools" "0.3.1"
    "@hono/node-server" "1.19.11"
    "@prisma/get-platform" "7.2.0"
    "@prisma/query-plan-executor" "7.2.0"
    "@prisma/streams-local" "0.1.2"
    foreground-child "3.3.1"
    get-port-please "3.2.0"
    hono "^4.12.8"
    http-status-codes "2.3.0"
    pathe "2.0.3"
    proper-lockfile "4.1.2"
    remeda "2.33.4"
    std-env "3.10.0"
    valibot "1.2.0"
    zeptomatch "2.1.0"

"@prisma/engines-version@7.8.0-6.3c6e192761c0362d496ed980de936e2f3cebcd3a":
  version "7.8.0-6.3c6e192761c0362d496ed980de936e2f3cebcd3a"
  resolved "https://registry.yarnpkg.com/@prisma/engines-version/-/engines-version-7.8.0-6.3c6e192761c0362d496ed980de936e2f3cebcd3a.tgz#6ab01f7c2619a9f9f1634418288a08080a630d18"
  integrity sha512-fJPQxCkLgA5EayWaW8eArgCvjJ+N+Kz3VyeNKMEeYiQC4alNkxRKFVAGxv/ZUzuJISKqdw+zGeDbS6mn6RCPOA==

"@prisma/engines@7.8.0":
  version "7.8.0"
  resolved "https://registry.yarnpkg.com/@prisma/engines/-/engines-7.8.0.tgz#214c778871929bcf96a056285270ddf1d74e7051"
  integrity sha512-jx3rCnNNrt5uzbkKlegtQ2GZHxSlihMCzutgT/BP6UIDF1r9tDI39hV/0T/cHZgzJ3ELbuQPXlVZy+Y1n0pcgw==
  dependencies:
    "@prisma/debug" "7.8.0"
    "@prisma/engines-version" "7.8.0-6.3c6e192761c0362d496ed980de936e2f3cebcd3a"
    "@prisma/fetch-engine" "7.8.0"
    "@prisma/get-platform" "7.8.0"

"@prisma/fetch-engine@7.8.0":
  version "7.8.0"
  resolved "https://registry.yarnpkg.com/@prisma/fetch-engine/-/fetch-engine-7.8.0.tgz#699c1876d862b1f965b0318eb5e80b6c3744aa3f"
  integrity sha512-gwB0Euiz/DDRyxFRpLXYlK3RfaZUj1c5dAYMuhZYfApg7arknJlcb9bIsOHDppJmbqYaVA+yBIiFMDBfprsNPQ==
  dependencies:
    "@prisma/debug" "7.8.0"
    "@prisma/engines-version" "7.8.0-6.3c6e192761c0362d496ed980de936e2f3cebcd3a"
    "@prisma/get-platform" "7.8.0"

"@prisma/get-platform@7.2.0":
  version "7.2.0"
  resolved "https://registry.yarnpkg.com/@prisma/get-platform/-/get-platform-7.2.0.tgz#b3a92db68de6a76e840e61d2f26659aa9f915e3e"
  integrity sha512-k1V0l0Td1732EHpAfi2eySTezyllok9dXb6UQanajkJQzPUGi3vO2z7jdkz67SypFTdmbnyGYxvEvYZdZsMAVA==
  dependencies:
    "@prisma/debug" "7.2.0"

"@prisma/get-platform@7.8.0":
  version "7.8.0"
  resolved "https://registry.yarnpkg.com/@prisma/get-platform/-/get-platform-7.8.0.tgz#7b1dade4117939c68c1324150ac72773f7272e68"
  integrity sha512-WlxgRGnolL8VH2EmkH1R/DkKNr/mVdS3G2h42IZFFZ3eUrH9OT6t73kIOSlkkrv50wG123Iq8d96ufv5LlZktw==
  dependencies:
    "@prisma/debug" "7.8.0"

"@prisma/query-plan-executor@7.2.0":
  version "7.2.0"
  resolved "https://registry.yarnpkg.com/@prisma/query-plan-executor/-/query-plan-executor-7.2.0.tgz#00b218d78066957f25ccae0954bbef708396cc9f"
  integrity sha512-EOZmNzcV8uJ0mae3DhTsiHgoNCuu1J9mULQpGCh62zN3PxPTd+qI9tJvk5jOst8WHKQNwJWR3b39t0XvfBB0WQ==

"@prisma/streams-local@0.1.2":
  version "0.1.2"
  resolved "https://registry.yarnpkg.com/@prisma/streams-local/-/streams-local-0.1.2.tgz#531679bf13aafe4c663778848ff61a106b95df27"
  integrity sha512-l49yTxKKF2odFxaAXTmwmkBKL3+bVQ1tFOooGifu4xkdb9NMNLxHj27XAhTylWZod8I+ISGM5erU1xcl/oBCtg==
  dependencies:
    ajv "^8.12.0"
    better-result "^2.7.0"
    env-paths "^3.0.0"
    proper-lockfile "^4.1.2"

"@prisma/studio-core@0.27.3":
  version "0.27.3"
  resolved "https://registry.yarnpkg.com/@prisma/studio-core/-/studio-core-0.27.3.tgz#45246d76565ada1728bc7e0d29217c0e4746a631"
  integrity sha512-AADjNFPdsrglxHQVTmHFqv6DuKQZ5WY4p5/gVFY017twvNrSwpLJ9lqUbYYxEu2W7nbvVxTZA8deJ8LseNALsw==
  dependencies:
    "@radix-ui/react-toggle" "1.1.10"
    chart.js "4.5.1"

"@radix-ui/primitive@1.1.3":
  version "1.1.3"
  resolved "https://registry.yarnpkg.com/@radix-ui/primitive/-/primitive-1.1.3.tgz#e2dbc13bdc5e4168f4334f75832d7bdd3e2de5ba"
  integrity sha512-JTF99U/6XIjCBo0wqkU5sK10glYe27MRRsfwoiq5zzOEZLHU3A3KCMa5X/azekYRCJ0HlwI0crAXS/5dEHTzDg==

"@radix-ui/react-compose-refs@1.1.2":
  version "1.1.2"
  resolved "https://registry.yarnpkg.com/@radix-ui/react-compose-refs/-/react-compose-refs-1.1.2.tgz#a2c4c47af6337048ee78ff6dc0d090b390d2bb30"
  integrity sha512-z4eqJvfiNnFMHIIvXP3CY57y2WJs5g2v3X0zm9mEJkrkNv4rDxu+sg9Jh8EkXyeqBkB7SOcboo9dMVqhyrACIg==

"@radix-ui/react-primitive@2.1.3":
  version "2.1.3"
  resolved "https://registry.yarnpkg.com/@radix-ui/react-primitive/-/react-primitive-2.1.3.tgz#db9b8bcff49e01be510ad79893fb0e4cda50f1bc"
  integrity sha512-m9gTwRkhy2lvCPe6QJp4d3G1TYEUHn/FzJUtq9MjH46an1wJU+GdoGC5VLof8RX8Ft/DlpshApkhswDLZzHIcQ==
  dependencies:
    "@radix-ui/react-slot" "1.2.3"

"@radix-ui/react-slot@1.2.3":
  version "1.2.3"
  resolved "https://registry.yarnpkg.com/@radix-ui/react-slot/-/react-slot-1.2.3.tgz#502d6e354fc847d4169c3bc5f189de777f68cfe1"
  integrity sha512-aeNmHnBxbi2St0au6VBVC7JXFlhLlOnvIIlePNniyUNAClzmtAUEY8/pBiK3iHjufOlwA+c20/8jngo7xcrg8A==
  dependencies:
    "@radix-ui/react-compose-refs" "1.1.2"

"@radix-ui/react-toggle@1.1.10":
  version "1.1.10"
  resolved "https://registry.yarnpkg.com/@radix-ui/react-toggle/-/react-toggle-1.1.10.tgz#b04ba0f9609599df666fce5b2f38109a197f08cf"
  integrity sha512-lS1odchhFTeZv3xwHH31YPObmJn8gOg7Lq12inrr0+BH/l3Tsq32VfjqH1oh80ARM3mlkfMic15n0kg4sD1poQ==
  dependencies:
    "@radix-ui/primitive" "1.1.3"
    "@radix-ui/react-primitive" "2.1.3"
    "@radix-ui/react-use-controllable-state" "1.2.2"

"@radix-ui/react-use-controllable-state@1.2.2":
  version "1.2.2"
  resolved "https://registry.yarnpkg.com/@radix-ui/react-use-controllable-state/-/react-use-controllable-state-1.2.2.tgz#905793405de57d61a439f4afebbb17d0645f3190"
  integrity sha512-BjasUjixPFdS+NKkypcyyN5Pmg83Olst0+c6vGov0diwTEo6mgdqVR6hxcEgFuh4QrAs7Rc+9KuGJ9TVCj0Zzg==
  dependencies:
    "@radix-ui/react-use-effect-event" "0.0.2"
    "@radix-ui/react-use-layout-effect" "1.1.1"

"@radix-ui/react-use-effect-event@0.0.2":
  version "0.0.2"
  resolved "https://registry.yarnpkg.com/@radix-ui/react-use-effect-event/-/react-use-effect-event-0.0.2.tgz#090cf30d00a4c7632a15548512e9152217593907"
  integrity sha512-Qp8WbZOBe+blgpuUT+lw2xheLP8q0oatc9UpmiemEICxGvFLYmHm9QowVZGHtJlGbS6A6yJ3iViad/2cVjnOiA==
  dependencies:
    "@radix-ui/react-use-layout-effect" "1.1.1"

"@radix-ui/react-use-layout-effect@1.1.1":
  version "1.1.1"
  resolved "https://registry.yarnpkg.com/@radix-ui/react-use-layout-effect/-/react-use-layout-effect-1.1.1.tgz#0c4230a9eed49d4589c967e2d9c0d9d60a23971e"
  integrity sha512-RbJRS4UWQFkzHTTwVymMTUv8EqYhOp8dOOviLj2ugtTiXRaRQS7GLGxZTLL1jWhMeoSCf5zmcZkqTl9IiYfXcQ==

"@standard-schema/spec@^1.0.0":
  version "1.1.0"
  resolved "https://registry.yarnpkg.com/@standard-schema/spec/-/spec-1.1.0.tgz#a79b55dbaf8604812f52d140b2c9ab41bc150bb8"
  integrity sha512-l2aFy5jALhniG5HgqrD6jXLi/rUWrKvqN/qJx6yoJsgKhblVd+iqqU4RCXavm/jPityDo5TCvKMnpjKnOriy0w==

ajv@^8.12.0:
  version "8.20.0"
  resolved "https://registry.yarnpkg.com/ajv/-/ajv-8.20.0.tgz#304b3636add88ba7d936760dd50ece006dea95f9"
  integrity sha512-Thbli+OlOj+iMPYFBVBfJ3OmCAnaSyNn4M1vz9T6Gka5Jt9ba/HIR56joy65tY6kx/FCF5VXNB819Y7/GUrBGA==
  dependencies:
    fast-deep-equal "^3.1.3"
    fast-uri "^3.0.1"
    json-schema-traverse "^1.0.0"
    require-from-string "^2.0.2"

aws-ssl-profiles@^1.1.1:
  version "1.1.2"
  resolved "https://registry.yarnpkg.com/aws-ssl-profiles/-/aws-ssl-profiles-1.1.2.tgz#157dd77e9f19b1d123678e93f120e6f193022641"
  integrity sha512-NZKeq9AfyQvEeNlN0zSYAaWrmBffJh3IELMZfRpJVWgrpEbtEpnjvzqBPf+mxoI287JohRDoa+/nsfqqiZmF6g==

better-result@^2.7.0:
  version "2.9.2"
  resolved "https://registry.yarnpkg.com/better-result/-/better-result-2.9.2.tgz#34da6e0e352bd44e4252acb88e2a4a35ec4c335e"
  integrity sha512-WIFoBPCdnTOdk9inkE1ZRvCZ4P0CpSkAiLlchC65N7n9DcjZ3NhqkBOlafzpOVnO8ixyi37kicmSJ3ENhPZl7Q==

c12@3.3.4:
  version "3.3.4"
  resolved "https://registry.yarnpkg.com/c12/-/c12-3.3.4.tgz#1253a5faf8b61244884d42459b4a6412571fe9f3"
  integrity sha512-cM0ApFQSBXuourJejzwv/AuPRvAxordTyParRVcHjjtXirtkzM0uK2L9TTn9s0cXZbG7E55jCivRQzoxYmRAlA==
  dependencies:
    chokidar "^5.0.0"
    confbox "^0.2.4"
    defu "^6.1.6"
    dotenv "^17.3.1"
    exsolve "^1.0.8"
    giget "^3.2.0"
    jiti "^2.6.1"
    ohash "^2.0.11"
    pathe "^2.0.3"
    perfect-debounce "^2.1.0"
    pkg-types "^2.3.0"
    rc9 "^3.0.1"

chart.js@4.5.1:
  version "4.5.1"
  resolved "https://registry.yarnpkg.com/chart.js/-/chart.js-4.5.1.tgz#19dd1a9a386a3f6397691672231cb5fc9c052c35"
  integrity sha512-GIjfiT9dbmHRiYi6Nl2yFCq7kkwdkp1W/lp2J99rX0yo9tgJGn3lKQATztIjb5tVtevcBtIdICNWqlq5+E8/Pw==
  dependencies:
    "@kurkle/color" "^0.3.0"

chokidar@^5.0.0:
  version "5.0.0"
  resolved "https://registry.yarnpkg.com/chokidar/-/chokidar-5.0.0.tgz#949c126a9238a80792be9a0265934f098af369a5"
  integrity sha512-TQMmc3w+5AxjpL8iIiwebF73dRDF4fBIieAqGn9RGCWaEVwQ6Fb2cGe31Yns0RRIzii5goJ1Y7xbMwo1TxMplw==
  dependencies:
    readdirp "^5.0.0"

confbox@^0.2.4:
  version "0.2.4"
  resolved "https://registry.yarnpkg.com/confbox/-/confbox-0.2.4.tgz#592e7be71f882a4a874e3c88f0ac1ef6f7da1ce5"
  integrity sha512-ysOGlgTFbN2/Y6Cg3Iye8YKulHw+R2fNXHrgSmXISQdMnomY6eNDprVdW9R5xBguEqI954+S6709UyiO7B+6OQ==

cross-spawn@^7.0.6:
  version "7.0.6"
  resolved "https://registry.yarnpkg.com/cross-spawn/-/cross-spawn-7.0.6.tgz#8a58fe78f00dcd70c370451759dfbfaf03e8ee9f"
  integrity sha512-uV2QOWP2nWzsy2aMp8aRibhi9dlzF5Hgh5SHaB9OiTGEyDTiJJyx0uy51QXdyWbtAHNua4XJzUKca3OzKUd3vA==
  dependencies:
    path-key "^3.1.0"
    shebang-command "^2.0.0"
    which "^2.0.1"

deepmerge-ts@7.1.5:
  version "7.1.5"
  resolved "https://registry.yarnpkg.com/deepmerge-ts/-/deepmerge-ts-7.1.5.tgz#ff818564007f5c150808d2b7b732cac83aa415ab"
  integrity sha512-HOJkrhaYsweh+W+e74Yn7YStZOilkoPb6fycpwNLKzSPtruFs48nYis0zy5yJz1+ktUhHxoRDJ27RQAWLIJVJw==

defu@^6.1.6:
  version "6.1.7"
  resolved "https://registry.yarnpkg.com/defu/-/defu-6.1.7.tgz#72543567c8e9f97ff13ce402b6dbe09ac5ae4d23"
  integrity sha512-7z22QmUWiQ/2d0KkdYmANbRUVABpZ9SNYyH5vx6PZ+nE5bcC0l7uFvEfHlyld/HcGBFTL536ClDt3DEcSlEJAQ==

denque@^2.1.0:
  version "2.1.0"
  resolved "https://registry.yarnpkg.com/denque/-/denque-2.1.0.tgz#e93e1a6569fb5e66f16a3c2a2964617d349d6ab1"
  integrity sha512-HVQE3AAb/pxF8fQAoiqpvg9i3evqug3hoiwakOyZAwJm+6vZehbkYXZ0l4JxS+I3QxM97v5aaRNhj8v5oBhekw==

destr@^2.0.5:
  version "2.0.5"
  resolved "https://registry.yarnpkg.com/destr/-/destr-2.0.5.tgz#7d112ff1b925fb8d2079fac5bdb4a90973b51fdb"
  integrity sha512-ugFTXCtDZunbzasqBxrK93Ik/DRYsO6S/fedkWEMKqt04xZ4csmnmwGDBAb07QWNaGMAmnTIemsYZCksjATwsA==

dotenv-cli@^11.0.0:
  version "11.0.0"
  resolved "https://registry.yarnpkg.com/dotenv-cli/-/dotenv-cli-11.0.0.tgz#7115b54e62ef36c3b2d2eb228f8bf4de4c2276bf"
  integrity sha512-r5pA8idbk7GFWuHEU7trSTflWcdBpQEK+Aw17UrSHjS6CReuhrrPcyC3zcQBPQvhArRHnBo/h6eLH1fkCvNlww==
  dependencies:
    cross-spawn "^7.0.6"
    dotenv "^17.1.0"
    dotenv-expand "^12.0.0"
    minimist "^1.2.6"

dotenv-expand@^12.0.0:
  version "12.0.3"
  resolved "https://registry.yarnpkg.com/dotenv-expand/-/dotenv-expand-12.0.3.tgz#6323ceca51ca0c1b1f0055e2aba39c79781739a6"
  integrity sha512-uc47g4b+4k/M/SeaW1y4OApx+mtLWl92l5LMPP0GNXctZqELk+YGgOPIIC5elYmUH4OuoK3JLhuRUYegeySiFA==
  dependencies:
    dotenv "^16.4.5"

dotenv@^16.4.5:
  version "16.6.1"
  resolved "https://registry.yarnpkg.com/dotenv/-/dotenv-16.6.1.tgz#773f0e69527a8315c7285d5ee73c4459d20a8020"
  integrity sha512-uBq4egWHTcTt33a72vpSG0z3HnPuIl6NqYcTrKEg2azoEyl2hpW0zqlxysq2pK9HlDIHyHyakeYaYnSAwd8bow==

dotenv@^17.1.0, dotenv@^17.3.1:
  version "17.4.2"
  resolved "https://registry.yarnpkg.com/dotenv/-/dotenv-17.4.2.tgz#c07e54a746e11eba021dd9e1047ced5afdc1c034"
  integrity sha512-nI4U3TottKAcAD9LLud4Cb7b2QztQMUEfHbvhTH09bqXTxnSie8WnjPALV/WMCrJZ6UV/qHJ6L03OqO3LcdYZw==

effect@3.20.0:
  version "3.20.0"
  resolved "https://registry.yarnpkg.com/effect/-/effect-3.20.0.tgz#827752d2c90f0a12562f1fdac3bf0197d067fd6a"
  integrity sha512-qMLfDJscrNG8p/aw+IkT9W7fgj50Z4wG5bLBy0Txsxz8iUHjDIkOgO3SV0WZfnQbNG2VJYb0b+rDLMrhM4+Krw==
  dependencies:
    "@standard-schema/spec" "^1.0.0"
    fast-check "^3.23.1"

empathic@2.0.0:
  version "2.0.0"
  resolved "https://registry.yarnpkg.com/empathic/-/empathic-2.0.0.tgz#71d3c2b94fad49532ef98a6c34be0386659f6131"
  integrity sha512-i6UzDscO/XfAcNYD75CfICkmfLedpyPDdozrLMmQc5ORaQcdMoc21OnlEylMIqI7U8eniKrPMxxtj8k0vhmJhA==

env-paths@^3.0.0:
  version "3.0.0"
  resolved "https://registry.yarnpkg.com/env-paths/-/env-paths-3.0.0.tgz#2f1e89c2f6dbd3408e1b1711dd82d62e317f58da"
  integrity sha512-dtJUTepzMW3Lm/NPxRf3wP4642UWhjL2sQxc+ym2YMj1m/H2zDNQOlezafzkHwn6sMstjHTwG6iQQsctDW/b1A==

esbuild@~0.28.0:
  version "0.28.1"
  resolved "https://registry.yarnpkg.com/esbuild/-/esbuild-0.28.1.tgz#ef45b4634c9c9d97a296aea4114a5f9840f95578"
  integrity sha512-HrJrvZv5ayxBzPfwphOoNzkzOIIlifzk0KJrGK2c8R4+LKpMtpYLQeUdjnwjWv/LZlkH2laZk+4w78pi99D4Vw==
  optionalDependencies:
    "@esbuild/aix-ppc64" "0.28.1"
    "@esbuild/android-arm" "0.28.1"
    "@esbuild/android-arm64" "0.28.1"
    "@esbuild/android-x64" "0.28.1"
    "@esbuild/darwin-arm64" "0.28.1"
    "@esbuild/darwin-x64" "0.28.1"
    "@esbuild/freebsd-arm64" "0.28.1"
    "@esbuild/freebsd-x64" "0.28.1"
    "@esbuild/linux-arm" "0.28.1"
    "@esbuild/linux-arm64" "0.28.1"
    "@esbuild/linux-ia32" "0.28.1"
    "@esbuild/linux-loong64" "0.28.1"
    "@esbuild/linux-mips64el" "0.28.1"
    "@esbuild/linux-ppc64" "0.28.1"
    "@esbuild/linux-riscv64" "0.28.1"
    "@esbuild/linux-s390x" "0.28.1"
    "@esbuild/linux-x64" "0.28.1"
    "@esbuild/netbsd-arm64" "0.28.1"
    "@esbuild/netbsd-x64" "0.28.1"
    "@esbuild/openbsd-arm64" "0.28.1"
    "@esbuild/openbsd-x64" "0.28.1"
    "@esbuild/openharmony-arm64" "0.28.1"
    "@esbuild/sunos-x64" "0.28.1"
    "@esbuild/win32-arm64" "0.28.1"
    "@esbuild/win32-ia32" "0.28.1"
    "@esbuild/win32-x64" "0.28.1"

exsolve@^1.0.8:
  version "1.1.0"
  resolved "https://registry.yarnpkg.com/exsolve/-/exsolve-1.1.0.tgz#adefa9b18b3f3515e946d48eb2ca3bb0f2c51b4d"
  integrity sha512-D+42+T12DdIlJM3uepa55qGiL3sYdLBOxIl2ifQCzCHz4c7eiolaHsi3BIqEr7JxBzxv2pYZQX9kw16ziMcEmw==

fast-check@^3.23.1:
  version "3.23.2"
  resolved "https://registry.yarnpkg.com/fast-check/-/fast-check-3.23.2.tgz#0129f1eb7e4f500f58e8290edc83c670e4a574a2"
  integrity sha512-h5+1OzzfCC3Ef7VbtKdcv7zsstUQwUDlYpUTvjeUsJAssPgLn7QzbboPtL5ro04Mq0rPOsMzl7q5hIbRs2wD1A==
  dependencies:
    pure-rand "^6.1.0"

fast-deep-equal@^3.1.3:
  version "3.1.3"
  resolved "https://registry.yarnpkg.com/fast-deep-equal/-/fast-deep-equal-3.1.3.tgz#3a7d56b559d6cbc3eb512325244e619a65c6c525"
  integrity sha512-f3qQ9oQy9j2AhBe/H9VC91wLmKBCCU/gDOnKNAYG5hswO7BLKj09Hc5HYNz9cGI++xlpDCIgDaitVs03ATR84Q==

fast-uri@^3.0.1:
  version "3.1.3"
  resolved "https://registry.yarnpkg.com/fast-uri/-/fast-uri-3.1.3.tgz#f695a40f006aba505631573a0021ddb21194ad11"
  integrity sha512-i70LwGWUduXqzicKXWshooq+sWL1K3WUU5rKZNG/0i3a1OSoX3HqhH5WbWwTmqWfor4urUakGPiRQcleRZTwOg==

foreground-child@3.3.1:
  version "3.3.1"
  resolved "https://registry.yarnpkg.com/foreground-child/-/foreground-child-3.3.1.tgz#32e8e9ed1b68a3497befb9ac2b6adf92a638576f"
  integrity sha512-gIXjKqtFuWEgzFRJA9WCQeSJLZDjgJUOMCMzxtvFq/37KojM1BFGufqsCy0r4qSQmYLsZYMeyRqzIWOMup03sw==
  dependencies:
    cross-spawn "^7.0.6"
    signal-exit "^4.0.1"

fsevents@~2.3.3:
  version "2.3.3"
  resolved "https://registry.yarnpkg.com/fsevents/-/fsevents-2.3.3.tgz#cac6407785d03675a2a5e1a5305c697b347d90d6"
  integrity sha512-5xoDfX+fL7faATnagmWPpbFtwh/R77WmMMqqHGS65C3vvB0YHrgF+B1YmZ3441tMj5n63k0212XNoJwzlhffQw==

generate-function@^2.3.1:
  version "2.3.1"
  resolved "https://registry.yarnpkg.com/generate-function/-/generate-function-2.3.1.tgz#f069617690c10c868e73b8465746764f97c3479f"
  integrity sha512-eeB5GfMNeevm/GRYq20ShmsaGcmI81kIX2K9XQx5miC8KdHaC6Jm0qQ8ZNeGOi7wYB8OsdxKs+Y2oVuTFuVwKQ==
  dependencies:
    is-property "^1.0.2"

get-port-please@3.2.0:
  version "3.2.0"
  resolved "https://registry.yarnpkg.com/get-port-please/-/get-port-please-3.2.0.tgz#0ce3cee194c448ac640ec39dc357a500f5d7d2bb"
  integrity sha512-I9QVvBw5U/hw3RmWpYKRumUeaDgxTPd401x364rLmWBJcOQ753eov1eTgzDqRG9bqFIfDc7gfzcQEWrUri3o1A==

giget@^3.2.0:
  version "3.3.0"
  resolved "https://registry.yarnpkg.com/giget/-/giget-3.3.0.tgz#b70ee7a3c162c148867a8db918ee14d01b62dab7"
  integrity sha512-gzi2D96p+AMfDcmJHGDj3KJ9NRiwvlFAU5yfa3ROwWZmFUjX4P43x3BcyRaOMMLto1vUo7C+86+MFhYTl6Ryiw==

graceful-fs@^4.2.4:
  version "4.2.11"
  resolved "https://registry.yarnpkg.com/graceful-fs/-/graceful-fs-4.2.11.tgz#4183e4e8bf08bb6e05bbb2f7d2e0c8f712ca40e3"
  integrity sha512-RbJ5/jmFcNNCcDV5o9eTnBLJ/HszWV0P73bc+Ff4nS/rJj+YaS6IGyiOL0VoBYX+l1Wrl3k63h/KrH+nhJ0XvQ==

grammex@^3.1.11:
  version "3.1.12"
  resolved "https://registry.yarnpkg.com/grammex/-/grammex-3.1.12.tgz#08f021dd2cad009e64248fb53247cc6108788404"
  integrity sha512-6ufJOsSA7LcQehIJNCO7HIBykfM7DXQual0Ny780/DEcJIpBlHRvcqEBWGPYd7hrXL2GJ3oJI1MIhaXjWmLQOQ==

graphmatch@^1.1.0:
  version "1.1.1"
  resolved "https://registry.yarnpkg.com/graphmatch/-/graphmatch-1.1.1.tgz#dcec68e8cb74de0a372d5252fc06e241daf71c38"
  integrity sha512-5ykVn/EXM1hF0XCaWh05VbYvEiOL2lY1kBxZtaYsyvjp7cmWOU1XsAdfQBwClraEofXDT197lFbXOEVMHpvQOg==

hono@^4.12.8:
  version "4.12.28"
  resolved "https://registry.yarnpkg.com/hono/-/hono-4.12.28.tgz#c2e12c32027f0e9fb8b0cef2ecfb73050c2ca62e"
  integrity sha512-YwUvVpSF7m1yOblFPrU3Hbo8XhPheBoiyfGuII6z19LnOr6JpDnyyp7LFNrfV56wS8tpvtBFGRISHN02pDdLOA==

http-status-codes@2.3.0:
  version "2.3.0"
  resolved "https://registry.yarnpkg.com/http-status-codes/-/http-status-codes-2.3.0.tgz#987fefb28c69f92a43aecc77feec2866349a8bfc"
  integrity sha512-RJ8XvFvpPM/Dmc5SV+dC4y5PCeOhT3x1Hq0NU3rjGeg5a/CqlhZ7uudknPwZFz4aeAXDcbAyaeP7GAo9lvngtA==

iconv-lite@^0.7.0:
  version "0.7.3"
  resolved "https://registry.yarnpkg.com/iconv-lite/-/iconv-lite-0.7.3.tgz#84ee12f963e7de50bc01a13e160a078b3b0f415f"
  integrity sha512-IKXpvIzjnC9XTAUbVBcMfGS0EPaIXtW6v+zr+RRp+hqULEpo0owZax6wyRwPOJbWbzjYspQwusTsfVr0ifh4uQ==
  dependencies:
    safer-buffer ">= 2.1.2 < 3.0.0"

is-property@^1.0.2:
  version "1.0.2"
  resolved "https://registry.yarnpkg.com/is-property/-/is-property-1.0.2.tgz#57fe1c4e48474edd65b09911f26b1cd4095dda84"
  integrity sha512-Ks/IoX00TtClbGQr4TWXemAnktAQvYB7HzcCxDGqEZU6oCmb2INHuOoKxbtR+HFkmYWBKv/dOZtGRiAjDhj92g==

isexe@^2.0.0:
  version "2.0.0"
  resolved "https://registry.yarnpkg.com/isexe/-/isexe-2.0.0.tgz#e8fbf374dc556ff8947a10dcb0572d633f2cfa10"
  integrity sha512-RHxMLp9lnKHGHRng9QFhRCMbYAcVpn69smSGcq3f36xjgVVWThj4qqLbTLlq7Ssj8B+fIQ1EuCEGI2lKsyQeIw==

jiti@^2.6.1:
  version "2.7.0"
  resolved "https://registry.yarnpkg.com/jiti/-/jiti-2.7.0.tgz#974228f2f4ca2bc21885a1797b45fea68e950c64"
  integrity sha512-AC/7JofJvZGrrneWNaEnJeOLUx+JlGt7tNa0wZiRPT4MY1wmfKjt2+6O2p2uz2+skll8OZZmJMNqeke7kKbNgQ==

json-schema-traverse@^1.0.0:
  version "1.0.0"
  resolved "https://registry.yarnpkg.com/json-schema-traverse/-/json-schema-traverse-1.0.0.tgz#ae7bcb3656ab77a73ba5c49bf654f38e6b6860e2"
  integrity sha512-NM8/P9n3XjXhIZn1lLhkFaACTOURQXjWhV4BA/RnOv8xvgqtqpAX9IO4mRQxSx1Rlo4tqzeqb0sOlruaOy3dug==

long@^5.2.1:
  version "5.3.2"
  resolved "https://registry.yarnpkg.com/long/-/long-5.3.2.tgz#1d84463095999262d7d7b7f8bfd4a8cc55167f83"
  integrity sha512-mNAgZ1GmyNhD7AuqnTG3/VQ26o760+ZYBPKjPvugO8+nLbYfX6TVpJPseBvopbdY+qpZ/lKUnmEc1LeZYS3QAA==

lru.min@^1.0.0, lru.min@^1.1.0:
  version "1.1.4"
  resolved "https://registry.yarnpkg.com/lru.min/-/lru.min-1.1.4.tgz#6ea1737a8c1ba2300cc87ad46910a4bdffa0117b"
  integrity sha512-DqC6n3QQ77zdFpCMASA1a3Jlb64Hv2N2DciFGkO/4L9+q/IpIAuRlKOvCXabtRW6cQf8usbmM6BE/TOPysCdIA==

minimist@^1.2.6:
  version "1.2.8"
  resolved "https://registry.yarnpkg.com/minimist/-/minimist-1.2.8.tgz#c1a464e7693302e082a075cee0c057741ac4772c"
  integrity sha512-2yyAR8qBkN3YuheJanUpWC5U3bb5osDywNB8RzDVlDwDHbocAJveqqj1u8+SVD7jkWT4yvsHCpWqqWqAxb0zCA==

mysql2@3.15.3:
  version "3.15.3"
  resolved "https://registry.yarnpkg.com/mysql2/-/mysql2-3.15.3.tgz#f0348d9c7401bb98cb1f45ffc5a773b109f70808"
  integrity sha512-FBrGau0IXmuqg4haEZRBfHNWB5mUARw6hNwPDXXGg0XzVJ50mr/9hb267lvpVMnhZ1FON3qNd4Xfcez1rbFwSg==
  dependencies:
    aws-ssl-profiles "^1.1.1"
    denque "^2.1.0"
    generate-function "^2.3.1"
    iconv-lite "^0.7.0"
    long "^5.2.1"
    lru.min "^1.0.0"
    named-placeholders "^1.1.3"
    seq-queue "^0.0.5"
    sqlstring "^2.3.2"

named-placeholders@^1.1.3:
  version "1.1.6"
  resolved "https://registry.yarnpkg.com/named-placeholders/-/named-placeholders-1.1.6.tgz#c50c6920b43f258f59c16add1e56654f5cc02bb5"
  integrity sha512-Tz09sEL2EEuv5fFowm419c1+a/jSMiBjI9gHxVLrVdbUkkNUUfjsVYs9pVZu5oCon/kmRh9TfLEObFtkVxmY0w==
  dependencies:
    lru.min "^1.1.0"

ohash@^2.0.11:
  version "2.0.11"
  resolved "https://registry.yarnpkg.com/ohash/-/ohash-2.0.11.tgz#60b11e8cff62ca9dee88d13747a5baa145f5900b"
  integrity sha512-RdR9FQrFwNBNXAr4GixM8YaRZRJ5PUWbKYbE5eOsrwAjJW0q2REGcf79oYPsLyskQCZG1PLN+S/K1V00joZAoQ==

path-key@^3.1.0:
  version "3.1.1"
  resolved "https://registry.yarnpkg.com/path-key/-/path-key-3.1.1.tgz#581f6ade658cbba65a0d3380de7753295054f375"
  integrity sha512-ojmeN0qd+y0jszEtoY48r0Peq5dwMEkIlCOu6Q5f41lfkswXuKtYrhgoTpLnyIcHm24Uhqx+5Tqm2InSwLhE6Q==

pathe@2.0.3, pathe@^2.0.3:
  version "2.0.3"
  resolved "https://registry.yarnpkg.com/pathe/-/pathe-2.0.3.tgz#3ecbec55421685b70a9da872b2cff3e1cbed1716"
  integrity sha512-WUjGcAqP1gQacoQe+OBJsFA7Ld4DyXuUIjZ5cc75cLHvJ7dtNsTugphxIADwspS+AraAUePCKrSVtPLFj/F88w==

perfect-debounce@^2.1.0:
  version "2.1.0"
  resolved "https://registry.yarnpkg.com/perfect-debounce/-/perfect-debounce-2.1.0.tgz#e7078e38f231cb191855c3136a4423aef725d261"
  integrity sha512-LjgdTytVFXeUgtHZr9WYViYSM/g8MkcTPYDlPa3cDqMirHjKiSZPYd6DoL7pK8AJQr+uWkQvCjHNdiMqsrJs+g==

pkg-types@^2.3.0:
  version "2.3.1"
  resolved "https://registry.yarnpkg.com/pkg-types/-/pkg-types-2.3.1.tgz#fa27ed0940efcf40bba453b0e5cab41217b0d442"
  integrity sha512-y+ichcgc2LrADuhLNAx8DFjVfgz91pRxfZdI3UDhxHvcVEZsenLO+7XaU5vOp0u/7V/wZ+plyuQxtrDlZJ+yeg==
  dependencies:
    confbox "^0.2.4"
    exsolve "^1.0.8"
    pathe "^2.0.3"

postgres@3.4.7:
  version "3.4.7"
  resolved "https://registry.yarnpkg.com/postgres/-/postgres-3.4.7.tgz#122f460a808fe300cae53f592108b9906e625345"
  integrity sha512-Jtc2612XINuBjIl/QTWsV5UvE8UHuNblcO3vVADSrKsrc6RqGX6lOW1cEo3CM2v0XG4Nat8nI+YM7/f26VxXLw==

prisma@^7.8.0:
  version "7.8.0"
  resolved "https://registry.yarnpkg.com/prisma/-/prisma-7.8.0.tgz#f64db69e59131fe10859efb5969af1c7e50e6620"
  integrity sha512-yfN4yrw7HV9kEJhoy1+jgah0jafEIQsf7uWouSsM8MvJtlubsk+kM7AIBWZ8+GJl74Yj3c+nbYqBkMOxtsZ3Lw==
  dependencies:
    "@prisma/config" "7.8.0"
    "@prisma/dev" "0.24.3"
    "@prisma/engines" "7.8.0"
    "@prisma/studio-core" "0.27.3"
    mysql2 "3.15.3"
    postgres "3.4.7"

proper-lockfile@4.1.2, proper-lockfile@^4.1.2:
  version "4.1.2"
  resolved "https://registry.yarnpkg.com/proper-lockfile/-/proper-lockfile-4.1.2.tgz#c8b9de2af6b2f1601067f98e01ac66baa223141f"
  integrity sha512-TjNPblN4BwAWMXU8s9AEz4JmQxnD1NNL7bNOY/AKUzyamc379FWASUhc/K1pL2noVb+XmZKLL68cjzLsiOAMaA==
  dependencies:
    graceful-fs "^4.2.4"
    retry "^0.12.0"
    signal-exit "^3.0.2"

pure-rand@^6.1.0:
  version "6.1.0"
  resolved "https://registry.yarnpkg.com/pure-rand/-/pure-rand-6.1.0.tgz#d173cf23258231976ccbdb05247c9787957604f2"
  integrity sha512-bVWawvoZoBYpp6yIoQtQXHZjmz35RSVHnUOTefl8Vcjr8snTPY1wnpSPMWekcFwbxI6gtmT7rSYPFvz71ldiOA==

rc9@^3.0.1:
  version "3.0.1"
  resolved "https://registry.yarnpkg.com/rc9/-/rc9-3.0.1.tgz#3895e5834a2b5c2d8fb76d93e802fbcbc2579bc7"
  integrity sha512-gMDyleLWVE+i6Sgtc0QbbY6pEKqYs97NGi6isHQPqYlLemPoO8dxQ3uGi0f4NiP98c+jMW6cG1Kx9dDwfvqARQ==
  dependencies:
    defu "^6.1.6"
    destr "^2.0.5"

readdirp@^5.0.0:
  version "5.0.0"
  resolved "https://registry.yarnpkg.com/readdirp/-/readdirp-5.0.0.tgz#fbf1f71a727891d685bb1786f9ba74084f6e2f91"
  integrity sha512-9u/XQ1pvrQtYyMpZe7DXKv2p5CNvyVwzUB6uhLAnQwHMSgKMBR62lc7AHljaeteeHXn11XTAaLLUVZYVZyuRBQ==

remeda@2.33.4:
  version "2.33.4"
  resolved "https://registry.yarnpkg.com/remeda/-/remeda-2.33.4.tgz#eae3bb2ec9795db58a1b66249913772a1a2c7989"
  integrity sha512-ygHswjlc/opg2VrtiYvUOPLjxjtdKvjGz1/plDhkG66hjNjFr1xmfrs2ClNFo/E6TyUFiwYNh53bKV26oBoMGQ==

require-from-string@^2.0.2:
  version "2.0.2"
  resolved "https://registry.yarnpkg.com/require-from-string/-/require-from-string-2.0.2.tgz#89a7fdd938261267318eafe14f9c32e598c36909"
  integrity sha512-Xf0nWe6RseziFMu+Ap9biiUbmplq6S9/p+7w7YXP/JBHhrUDDUhwa+vANyubuqfZWTveU//DYVGsDG7RKL/vEw==

retry@^0.12.0:
  version "0.12.0"
  resolved "https://registry.yarnpkg.com/retry/-/retry-0.12.0.tgz#1b42a6266a21f07421d1b0b54b7dc167b01c013b"
  integrity sha512-9LkiTwjUh6rT555DtE9rTX+BKByPfrMzEAtnlEtdEwr3Nkffwiihqe2bWADg+OQRjt9gl6ICdmB/ZFDCGAtSow==

"safer-buffer@>= 2.1.2 < 3.0.0":
  version "2.1.2"
  resolved "https://registry.yarnpkg.com/safer-buffer/-/safer-buffer-2.1.2.tgz#44fa161b0187b9549dd84bb91802f9bd8385cd6a"
  integrity sha512-YZo3K82SD7Riyi0E1EQPojLz7kpepnSQI9IyPbHHg1XXXevb5dJI7tpyN2ADxGcQbHG7vcyRHk0cbwqcQriUtg==

seq-queue@^0.0.5:
  version "0.0.5"
  resolved "https://registry.yarnpkg.com/seq-queue/-/seq-queue-0.0.5.tgz#d56812e1c017a6e4e7c3e3a37a1da6d78dd3c93e"
  integrity sha512-hr3Wtp/GZIc/6DAGPDcV4/9WoZhjrkXsi5B/07QgX8tsdc6ilr7BFM6PM6rbdAX1kFSDYeZGLipIZZKyQP0O5Q==

shebang-command@^2.0.0:
  version "2.0.0"
  resolved "https://registry.yarnpkg.com/shebang-command/-/shebang-command-2.0.0.tgz#ccd0af4f8835fbdc265b82461aaf0c36663f34ea"
  integrity sha512-kHxr2zZpYtdmrN1qDjrrX/Z1rR1kG8Dx+gkpK1G4eXmvXswmcE1hTWBWYUzlraYw1/yZp6YuDY77YtvbN0dmDA==
  dependencies:
    shebang-regex "^3.0.0"

shebang-regex@^3.0.0:
  version "3.0.0"
  resolved "https://registry.yarnpkg.com/shebang-regex/-/shebang-regex-3.0.0.tgz#ae16f1644d873ecad843b0307b143362d4c42172"
  integrity sha512-7++dFhtcx3353uBaq8DDR4NuxBetBzC7ZQOhmTQInHEd6bSrXdiEyzCvG07Z44UYdLShWUyXt5M/yhz8ekcb1A==

signal-exit@^3.0.2:
  version "3.0.7"
  resolved "https://registry.yarnpkg.com/signal-exit/-/signal-exit-3.0.7.tgz#a9a1767f8af84155114eaabd73f99273c8f59ad9"
  integrity sha512-wnD2ZE+l+SPC/uoS0vXeE9L1+0wuaMqKlfz9AMUo38JsyLSBWSFcHR1Rri62LZc12vLr1gb3jl7iwQhgwpAbGQ==

signal-exit@^4.0.1:
  version "4.1.0"
  resolved "https://registry.yarnpkg.com/signal-exit/-/signal-exit-4.1.0.tgz#952188c1cbd546070e2dd20d0f41c0ae0530cb04"
  integrity sha512-bzyZ1e88w9O1iNJbKnOlvYTrWPDl46O1bG0D3XInv+9tkPrxrN8jUUTiFlDkkmKWgn1M6CfIA13SuGqOa9Korw==

sqlstring@^2.3.2:
  version "2.3.3"
  resolved "https://registry.yarnpkg.com/sqlstring/-/sqlstring-2.3.3.tgz#2ddc21f03bce2c387ed60680e739922c65751d0c"
  integrity sha512-qC9iz2FlN7DQl3+wjwn3802RTyjCx7sDvfQEXchwa6CWOx07/WVfh91gBmQ9fahw8snwGEWU3xGzOt4tFyHLxg==

std-env@3.10.0:
  version "3.10.0"
  resolved "https://registry.yarnpkg.com/std-env/-/std-env-3.10.0.tgz#d810b27e3a073047b2b5e40034881f5ea6f9c83b"
  integrity sha512-5GS12FdOZNliM5mAOxFRg7Ir0pWz8MdpYm6AY6VPkGpbA7ZzmbzNcBJQ0GPvvyWgcY7QAhCgf9Uy89I03faLkg==

tsx@^4.21.0:
  version "4.23.0"
  resolved "https://registry.yarnpkg.com/tsx/-/tsx-4.23.0.tgz#5393ae8bfce5a9c34db9c00d1353e3d8c3fd3de6"
  integrity sha512-eUdUIaCr963q2h5u3+QwvYp0+eqPvn+egeqZUm0hwERCqqx1E3kK5ehbGCvqSE5MQAULr67ww0cA3jKc3YkM1w==
  dependencies:
    esbuild "~0.28.0"
  optionalDependencies:
    fsevents "~2.3.3"

typescript@~6.0.3:
  version "6.0.3"
  resolved "https://registry.yarnpkg.com/typescript/-/typescript-6.0.3.tgz#90251dc007916e972786cb94d74d15b185577d21"
  integrity sha512-y2TvuxSZPDyQakkFRPZHKFm+KKVqIisdg9/CZwm9ftvKXLP8NRWj38/ODjNbr43SsoXqNuAisEf1GdCxqWcdBw==

valibot@1.2.0:
  version "1.2.0"
  resolved "https://registry.yarnpkg.com/valibot/-/valibot-1.2.0.tgz#8fc720d9e4082ba16e30a914064a39619b2f1d6f"
  integrity sha512-mm1rxUsmOxzrwnX5arGS+U4T25RdvpPjPN4yR0u9pUBov9+zGVtO84tif1eY4r6zWxVxu3KzIyknJy3rxfRZZg==

which@^2.0.1:
  version "2.0.2"
  resolved "https://registry.yarnpkg.com/which/-/which-2.0.2.tgz#7c6a8dd0a636a0327e10b59c9286eee93f3f51b1"
  integrity sha512-BLI3Tl1TW3Pvl70l3yq3Y64i+awpwXqsGBYWkkqMtnbXgrMD+yj7rhW0kuEDxzJaYXGjEW5ogapKNMEKNMjibA==
  dependencies:
    isexe "^2.0.0"

zeptomatch@2.1.0:
  version "2.1.0"
  resolved "https://registry.yarnpkg.com/zeptomatch/-/zeptomatch-2.1.0.tgz#cca2cb2c61308d0c26f9689e6640f6335d0f2101"
  integrity sha512-KiGErG2J0G82LSpniV0CtIzjlJ10E04j02VOudJsPyPwNZgGnRKQy7I1R7GMyg/QswnE4l7ohSGrQbQbjXPPDA==
  dependencies:
    grammex "^3.1.11"
    graphmatch "^1.1.0"
